
Microsoft Visual Studio Solution File, Format Version 12.00
# Visual Studio Version 16
VisualStudioVersion = 16.0.29926.136
MinimumVisualStudioVersion = 10.0.40219.1
Project("{FAE04EC0-301F-11D3-BF4B-00C04F79EFBC}") = "LocoSwap", "LocoSwap\LocoSwap.csproj", "{2BD7248A-6639-4D9B-A786-7B46FAF722AB}"
EndProject
Project("{FAE04EC0-301F-11D3-BF4B-00C04F79EFBC}") = "LocoSwap.Language", "LocoSwap.Language\LocoSwap.Language.csproj", "{7D83BDFA-0272-416A-8893-29E300981A48}"
EndProject
Global
	GlobalSection(SolutionConfigurationPlatforms) = preSolution
		Debug|Any CPU = Debug|Any CPU
		Release|Any CPU = Release|Any CPU
	EndGlobalSection
	GlobalSection(ProjectConfigurationPlatforms) = postSolution
		{2BD7248A-6639-4D9B-A786-7B46FAF722AB}.Debug|Any CPU.ActiveCfg = Debug|Any CPU
		{2BD7248A-6639-4D9B-A786-7B46FAF722AB}.Debug|Any CPU.Build.0 = Debug|Any CPU
		{2BD7248A-6639-4D9B-A786-7B46FAF722AB}.Release|Any CPU.ActiveCfg = Release|Any CPU
		{2BD7248A-6639-4D9B-A786-7B46FAF722AB}.Release|Any CPU.Build.0 = Release|Any CPU
		{7D83BDFA-0272-416A-8893-29E300981A48}.Debug|Any CPU.ActiveCfg = Debug|Any CPU
		{7D83BDFA-0272-416A-8893-29E300981A48}.Debug|Any CPU.Build.0 = Debug|Any CPU
		{7D83BDFA-0272-416A-8893-29E300981A48}.Release|Any CPU.ActiveCfg = Release|Any CPU
		{7D83BDFA-0272-416A-8893-29E300981A48}.Release|Any CPU.Build.0 = Release|Any CPU
	EndGlobalSection
	GlobalSection(SolutionProperties) = preSolution
		HideSolutionNode = FALSE
	EndGlobalSection
	GlobalSection(ExtensibilityGlobals) = postSolution
		SolutionGuid = {5C6D3CAC-328F-439F-8AD4-DB5B4EDF63D9}
	EndGlobalSection
EndGlobal
